
Microsoft Visual Studio Solution File, Format Version 12.00
# Visual Studio 2013
VisualStudioVersion = 12.0.30723.0
MinimumVisualStudioVersion = 10.0.40219.1
Project("{FAE04EC0-301F-11D3-BF4B-00C04F79EFBC}") = "WpfApplication7", "WpfApplication7\WpfApplication7.csproj", "{71B286FC-8E67-4A5E-88B5-EE562AEB397C}"
EndProject
Global
	GlobalSection(SolutionConfigurationPlatforms) = preSolution
		Debug|Any CPU = Debug|Any CPU
		Release|Any CPU = Release|Any CPU
	EndGlobalSection
	GlobalSection(ProjectConfigurationPlatforms) = postSolution
		{71B286FC-8E67-4A5E-88B5-EE562AEB397C}.Debug|Any CPU.ActiveCfg = Debug|Any CPU
		{71B286FC-8E67-4A5E-88B5-EE562AEB397C}.Debug|Any CPU.Build.0 = Debug|Any CPU
		{71B286FC-8E67-4A5E-88B5-EE562AEB397C}.Release|Any CPU.ActiveCfg = Release|Any CPU
		{71B286FC-8E67-4A5E-88B5-EE562AEB397C}.Release|Any CPU.Build.0 = Release|Any CPU
	EndGlobalSection
	GlobalSection(SolutionProperties) = preSolution
		HideSolutionNode = FALSE
	EndGlobalSection
EndGlobal
